
Microsoft Visual Studio Solution File, Format Version 12.00
# Visual Studio Version 17
VisualStudioVersion = 17.0.32112.339
MinimumVisualStudioVersion = 10.0.40219.1
Project("{FAE04EC0-301F-11D3-BF4B-00C04F79EFBC}") = "DopaEngine", "DopaEngine\DopaEngine.csproj", "{FA5B8BCF-1FF3-485C-B1ED-E1411E9EE120}"
EndProject
Project("{FAE04EC0-301F-11D3-BF4B-00C04F79EFBC}") = "DopaExample", "DopaExample\DopaExample.csproj", "{269461B9-A89C-484D-8A43-51B8719217A4}"
EndProject
Global
	GlobalSection(SolutionConfigurationPlatforms) = preSolution
		Debug|Any CPU = Debug|Any CPU
		Release|Any CPU = Release|Any CPU
	EndGlobalSection
	GlobalSection(ProjectConfigurationPlatforms) = postSolution
		{FA5B8BCF-1FF3-485C-B1ED-E1411E9EE120}.Debug|Any CPU.ActiveCfg = Debug|Any CPU
		{FA5B8BCF-1FF3-485C-B1ED-E1411E9EE120}.Debug|Any CPU.Build.0 = Debug|Any CPU
		{FA5B8BCF-1FF3-485C-B1ED-E1411E9EE120}.Release|Any CPU.ActiveCfg = Release|Any CPU
		{FA5B8BCF-1FF3-485C-B1ED-E1411E9EE120}.Release|Any CPU.Build.0 = Release|Any CPU
		{269461B9-A89C-484D-8A43-51B8719217A4}.Debug|Any CPU.ActiveCfg = Debug|Any CPU
		{269461B9-A89C-484D-8A43-51B8719217A4}.Debug|Any CPU.Build.0 = Debug|Any CPU
		{269461B9-A89C-484D-8A43-51B8719217A4}.Release|Any CPU.ActiveCfg = Release|Any CPU
		{269461B9-A89C-484D-8A43-51B8719217A4}.Release|Any CPU.Build.0 = Release|Any CPU
	EndGlobalSection
	GlobalSection(SolutionProperties) = preSolution
		HideSolutionNode = FALSE
	EndGlobalSection
	GlobalSection(ExtensibilityGlobals) = postSolution
		SolutionGuid = {3243F8EE-60A3-40A0-8A09-F2BBC04B75E7}
	EndGlobalSection
EndGlobal
